{
  "name": "express-fix-any-js",
  "version": "1.2.1",
  "lockfileVersion": 3,
  "requires": true,
  "packages": {
    "": {
      "name": "express-fix-any-js",
      "version": "1.2.1",
      "dependencies": {
        "express-check-any-for-import": "^1.4.7"
      },
      "bin": {
        "express-fix-any-js": "bin/cli.js"
      }
    },
    "node_modules/express-check-any-for-import": {
      "version": "1.4.7",
      "resolved": "https://registry.npmjs.org/express-check-any-for-import/-/express-check-any-for-import-1.4.7.tgz",
      "integrity": "sha512-o1nYK3C+JoCB4Jc9hakU+XrZ8NwgF2TWlGDm12wATM35glyYspYCI+IKWscmCw6YI61YVyncVGe845iWHcYWmA==",
      "bin": {
        "express-check-any-for-import": "bin/cli.js"
      }
    }
  }
}
