{
  "name": "express-fix-any-js",
  "version": "1.2.2",
  "lockfileVersion": 3,
  "requires": true,
  "packages": {
    "": {
      "name": "express-fix-any-js",
      "version": "1.2.2",
      "dependencies": {
        "express-check-any-for-import": "^1.4.7",
        "pattern-collector-anyjs": "^1.6.3"
      },
      "bin": {
        "express-fix-any-js": "bin/cli.js"
      }
    },
    "node_modules/express-check-any-for-import": {
      "version": "1.4.7",
      "resolved": "https://registry.npmjs.org/express-check-any-for-import/-/express-check-any-for-import-1.4.7.tgz",
      "integrity": "sha512-o1nYK3C+JoCB4Jc9hakU+XrZ8NwgF2TWlGDm12wATM35glyYspYCI+IKWscmCw6YI61YVyncVGe845iWHcYWmA==",
      "bin": {
        "express-check-any-for-import": "bin/cli.js"
      }
    },
    "node_modules/pattern-collector": {
      "version": "1.5.19",
      "resolved": "https://registry.npmjs.org/pattern-collector/-/pattern-collector-1.5.19.tgz",
      "integrity": "sha512-FmnO3e6UThoKPLMzhas1MUNXjq/g4b/35ndQdsdGJSpWDpkAF7FLhkvcCACLPe41LUdteSinYmeDucrNgD+tgQ=="
    },
    "node_modules/pattern-collector-anyjs": {
      "version": "1.6.3",
      "resolved": "https://registry.npmjs.org/pattern-collector-anyjs/-/pattern-collector-anyjs-1.6.3.tgz",
      "integrity": "sha512-FgKLGyYyswG38HKZq5rmeNkIJ9pIIpvEFnJi0EjHvcOt96UrUHsDJYKLUSUu4k1lnYHQ4+RWA7DqAjPaG83itQ==",
      "workspaces": [
        "../pattern-collector",
        "../pattern-collector-anyjs-extract",
        "../pattern-collector-anyjs-matches",
        "../pattern-collector-anyjs-pull-lines",
        "../pattern-collector-base-regex"
      ],
      "dependencies": {
        "pattern-collector-anyjs-build-story": "^1.2.2",
        "pattern-collector-anyjs-pull-lines": "^1.5.3"
      }
    },
    "node_modules/pattern-collector-anyjs-build-story": {
      "version": "1.2.2",
      "resolved": "https://registry.npmjs.org/pattern-collector-anyjs-build-story/-/pattern-collector-anyjs-build-story-1.2.2.tgz",
      "integrity": "sha512-wISIjas8wFcjgeY9WS3OSDlwbBNwWhnCEVnG0BxnXsoww/N3LgjEYaBxELpIs+KFWbWx/6QsqbJ698xWfFvNww=="
    },
    "node_modules/pattern-collector-anyjs-extract": {
      "version": "1.2.3",
      "resolved": "https://registry.npmjs.org/pattern-collector-anyjs-extract/-/pattern-collector-anyjs-extract-1.2.3.tgz",
      "integrity": "sha512-AVPHUTFSuQDJ6IoBue9JVSqeDoxBNFcRwosUuElWpMVbMLbHr2CXHro9CbBPqVi/eQetNFc4RRN9GliLj2GD1Q==",
      "dependencies": {
        "pattern-collector-anyjs-matches": "^1.2.1",
        "pattern-collector-base-regex": "^1.2.1"
      }
    },
    "node_modules/pattern-collector-anyjs-matches": {
      "version": "1.2.4",
      "resolved": "https://registry.npmjs.org/pattern-collector-anyjs-matches/-/pattern-collector-anyjs-matches-1.2.4.tgz",
      "integrity": "sha512-dpPjXC+pRVFxP254mIsIFx7ZbDkOjDYdfQ8umCUf4KkWwGJG1vgdatAd1jXkXY2BSQQyewWdilCobWjn6aXzWA==",
      "dependencies": {
        "pattern-collector": "^1.5.19"
      }
    },
    "node_modules/pattern-collector-anyjs-pull-lines": {
      "version": "1.5.3",
      "resolved": "https://registry.npmjs.org/pattern-collector-anyjs-pull-lines/-/pattern-collector-anyjs-pull-lines-1.5.3.tgz",
      "integrity": "sha512-faef84z6DO5siGXr9xuF9Y8gOazGXX/r/bULkCmxBph1m57B27BJghDhJy3UoAR81393mAs8owYI5JPBhehJHQ==",
      "dependencies": {
        "pattern-collector-anyjs-extract": "^1.2.2"
      }
    },
    "node_modules/pattern-collector-base-regex": {
      "version": "1.2.1",
      "resolved": "https://registry.npmjs.org/pattern-collector-base-regex/-/pattern-collector-base-regex-1.2.1.tgz",
      "integrity": "sha512-zTMDcIMJSw1aFk4MRdYLeuM+PhWXaX7RL9epdCi0Dhn6t/pV8dhGRknf/Dq85r/KV14n5KOobFf1ksvNsrcRJA=="
    }
  }
}
